
Microsoft Visual Studio Solution File, Format Version 12.00
# Visual Studio Version 16
VisualStudioVersion = 16.0.30011.22
MinimumVisualStudioVersion = 10.0.40219.1
Project("{FAE04EC0-301F-11D3-BF4B-00C04F79EFBC}") = "ChatProject", "ChatProject\ChatProject.csproj", "{9AA266DD-2F7C-4A78-821A-EDCF47B90E8C}"
EndProject
Global
	GlobalSection(SolutionConfigurationPlatforms) = preSolution
		Debug|Any CPU = Debug|Any CPU
		Release|Any CPU = Release|Any CPU
	EndGlobalSection
	GlobalSection(ProjectConfigurationPlatforms) = postSolution
		{9AA266DD-2F7C-4A78-821A-EDCF47B90E8C}.Debug|Any CPU.ActiveCfg = Debug|Any CPU
		{9AA266DD-2F7C-4A78-821A-EDCF47B90E8C}.Debug|Any CPU.Build.0 = Debug|Any CPU
		{9AA266DD-2F7C-4A78-821A-EDCF47B90E8C}.Release|Any CPU.ActiveCfg = Release|Any CPU
		{9AA266DD-2F7C-4A78-821A-EDCF47B90E8C}.Release|Any CPU.Build.0 = Release|Any CPU
	EndGlobalSection
	GlobalSection(SolutionProperties) = preSolution
		HideSolutionNode = FALSE
	EndGlobalSection
	GlobalSection(ExtensibilityGlobals) = postSolution
		SolutionGuid = {4DDE3981-51A8-4159-99C6-419DF1F1D826}
	EndGlobalSection
EndGlobal
